
Microsoft Visual Studio Solution File, Format Version 12.00
# Visual Studio 15
VisualStudioVersion = 15.0.27130.2027
MinimumVisualStudioVersion = 10.0.40219.1
Project("{FAE04EC0-301F-11D3-BF4B-00C04F79EFBC}") = "justinMedia", "justinMedia\justinMedia.csproj", "{91AA7038-1124-4D4B-89C1-DD156546833D}"
EndProject
Global
	GlobalSection(SolutionConfigurationPlatforms) = preSolution
		Debug|Any CPU = Debug|Any CPU
		Release|Any CPU = Release|Any CPU
	EndGlobalSection
	GlobalSection(ProjectConfigurationPlatforms) = postSolution
		{91AA7038-1124-4D4B-89C1-DD156546833D}.Debug|Any CPU.ActiveCfg = Debug|Any CPU
		{91AA7038-1124-4D4B-89C1-DD156546833D}.Debug|Any CPU.Build.0 = Debug|Any CPU
		{91AA7038-1124-4D4B-89C1-DD156546833D}.Release|Any CPU.ActiveCfg = Release|Any CPU
		{91AA7038-1124-4D4B-89C1-DD156546833D}.Release|Any CPU.Build.0 = Release|Any CPU
	EndGlobalSection
	GlobalSection(SolutionProperties) = preSolution
		HideSolutionNode = FALSE
	EndGlobalSection
	GlobalSection(ExtensibilityGlobals) = postSolution
		SolutionGuid = {70E353CE-427E-4BBC-90D2-DE6B8357B62C}
	EndGlobalSection
EndGlobal
